
Microsoft Visual Studio Solution File, Format Version 12.00
# Visual Studio Version 16
VisualStudioVersion = 16.0.31321.278
MinimumVisualStudioVersion = 10.0.40219.1
Project("{888888A0-9F3D-457C-B088-3A5042F75D52}") = "POE", "POE\POE.pyproj", "{72D9EB43-F802-4B04-AA0A-9CB4A6C6D995}"
EndProject
Global
	GlobalSection(SolutionConfigurationPlatforms) = preSolution
		Debug|Any CPU = Debug|Any CPU
		Release|Any CPU = Release|Any CPU
	EndGlobalSection
	GlobalSection(ProjectConfigurationPlatforms) = postSolution
		{72D9EB43-F802-4B04-AA0A-9CB4A6C6D995}.Debug|Any CPU.ActiveCfg = Debug|Any CPU
		{72D9EB43-F802-4B04-AA0A-9CB4A6C6D995}.Release|Any CPU.ActiveCfg = Release|Any CPU
	EndGlobalSection
	GlobalSection(SolutionProperties) = preSolution
		HideSolutionNode = FALSE
	EndGlobalSection
	GlobalSection(ExtensibilityGlobals) = postSolution
		SolutionGuid = {70F20C0C-AD52-4F5A-904C-4173CDC82D6B}
	EndGlobalSection
EndGlobal
